
Microsoft Visual Studio Solution File, Format Version 12.00
# Visual Studio Version 16
VisualStudioVersion = 16.0.31229.75
MinimumVisualStudioVersion = 10.0.40219.1
Project("{9A19103F-16F7-4668-BE54-9A1E7A4F7556}") = "OIM.PS.SyncProject.Common", "OIM.PS.SyncProject.Common\OIM.PS.SyncProject.Common.csproj", "{2A4E9022-2CFE-44D9-8A41-3E211125E13F}"
EndProject
Project("{9A19103F-16F7-4668-BE54-9A1E7A4F7556}") = "OIM.PS.SyncProject.Generator", "OIM.PS.SyncProject.Generator\OIM.PS.SyncProject.Generator.csproj", "{5DEF736B-51A9-4D75-831F-14846ED48BB1}"
EndProject
Project("{9A19103F-16F7-4668-BE54-9A1E7A4F7556}") = "OIM.PS.SyncProject.GeneratorUI", "OIM.PS.SyncProject.GeneratorUI\OIM.PS.SyncProject.GeneratorUI.csproj", "{D1F09010-8D0D-42EF-8CC4-BBBD4CEB8E94}"
EndProject
Global
	GlobalSection(SolutionConfigurationPlatforms) = preSolution
		Debug|Any CPU = Debug|Any CPU
		Release|Any CPU = Release|Any CPU
	EndGlobalSection
	GlobalSection(ProjectConfigurationPlatforms) = postSolution
		{2A4E9022-2CFE-44D9-8A41-3E211125E13F}.Debug|Any CPU.ActiveCfg = Debug|Any CPU
		{2A4E9022-2CFE-44D9-8A41-3E211125E13F}.Debug|Any CPU.Build.0 = Debug|Any CPU
		{2A4E9022-2CFE-44D9-8A41-3E211125E13F}.Release|Any CPU.ActiveCfg = Release|Any CPU
		{2A4E9022-2CFE-44D9-8A41-3E211125E13F}.Release|Any CPU.Build.0 = Release|Any CPU
		{5DEF736B-51A9-4D75-831F-14846ED48BB1}.Debug|Any CPU.ActiveCfg = Debug|Any CPU
		{5DEF736B-51A9-4D75-831F-14846ED48BB1}.Debug|Any CPU.Build.0 = Debug|Any CPU
		{5DEF736B-51A9-4D75-831F-14846ED48BB1}.Release|Any CPU.ActiveCfg = Release|Any CPU
		{5DEF736B-51A9-4D75-831F-14846ED48BB1}.Release|Any CPU.Build.0 = Release|Any CPU
		{D1F09010-8D0D-42EF-8CC4-BBBD4CEB8E94}.Debug|Any CPU.ActiveCfg = Debug|Any CPU
		{D1F09010-8D0D-42EF-8CC4-BBBD4CEB8E94}.Debug|Any CPU.Build.0 = Debug|Any CPU
		{D1F09010-8D0D-42EF-8CC4-BBBD4CEB8E94}.Release|Any CPU.ActiveCfg = Release|Any CPU
		{D1F09010-8D0D-42EF-8CC4-BBBD4CEB8E94}.Release|Any CPU.Build.0 = Release|Any CPU
	EndGlobalSection
	GlobalSection(SolutionProperties) = preSolution
		HideSolutionNode = FALSE
	EndGlobalSection
	GlobalSection(ExtensibilityGlobals) = postSolution
		SolutionGuid = {EC86ACB8-5248-4105-AB8D-9738916C4642}
	EndGlobalSection
EndGlobal
